// !$*UTF8*$!
{
	archiveVersion = 1;
	classes = {
	};
	objectVersion = 50;
	objects = {

/* Begin PBXBuildFile section */
		047DB7A820A9317300DF046A /* PololuHD44780.cpp in Sources */ = {isa = PBXBuildFile; fileRef = 047DB7A220A9317300DF046A /* PololuHD44780.cpp */; };
		047DB7A920A9317300DF046A /* main.cpp in Sources */ = {isa = PBXBuildFile; fileRef = 047DB7A320A9317300DF046A /* main.cpp */; };
		047DB7AA20A9317300DF046A /* docspec.cpp in Sources */ = {isa = PBXBuildFile; fileRef = 047DB7A420A9317300DF046A /* docspec.cpp */; };
		047DB7AB20A9317300DF046A /* screenio.cpp in Sources */ = {isa = PBXBuildFile; fileRef = 047DB7A720A9317300DF046A /* screenio.cpp */; };
		047DB7AE20A9318200DF046A /* libncurses.tbd in Frameworks */ = {isa = PBXBuildFile; fileRef = 047DB7AD20A9318200DF046A /* libncurses.tbd */; };
		047DB7B020A9319400DF046A /* libjsoncpp.1.8.4.dylib in Frameworks */ = {isa = PBXBuildFile; fileRef = 047DB7AF20A9319400DF046A /* libjsoncpp.1.8.4.dylib */; };
/* End PBXBuildFile section */

/* Begin PBXCopyFilesBuildPhase section */
		041CCBEE20A3EA5B00DC9F10 /* CopyFiles */ = {
			isa = PBXCopyFilesBuildPhase;
			buildActionMask = 2147483647;
			dstPath = /usr/share/man/man1/;
			dstSubfolderSpec = 0;
			files = (
			);
			runOnlyForDeploymentPostprocessing = 1;
		};
/* End PBXCopyFilesBuildPhase section */

/* Begin PBXFileReference section */
		041CCBF020A3EA5C00DC9F10 /* cplusplus */ = {isa = PBXFileReference; explicitFileType = "compiled.mach-o.executable"; includeInIndex = 0; path = cplusplus; sourceTree = BUILT_PRODUCTS_DIR; };
		043C853720A932BB00B3977B /* README.md */ = {isa = PBXFileReference; lastKnownFileType = net.daringfireball.markdown; path = README.md; sourceTree = "<group>"; };
		043C853820A932F400B3977B /* docs.zip */ = {isa = PBXFileReference; lastKnownFileType = archive.zip; path = docs.zip; sourceTree = "<group>"; };
		047DB7A020A9317300DF046A /* screenio.hpp */ = {isa = PBXFileReference; fileEncoding = 4; lastKnownFileType = sourcecode.cpp.h; path = screenio.hpp; sourceTree = "<group>"; };
		047DB7A120A9317300DF046A /* headers.json */ = {isa = PBXFileReference; fileEncoding = 4; lastKnownFileType = text.json; path = headers.json; sourceTree = "<group>"; };
		047DB7A220A9317300DF046A /* PololuHD44780.cpp */ = {isa = PBXFileReference; fileEncoding = 4; lastKnownFileType = sourcecode.cpp.cpp; path = PololuHD44780.cpp; sourceTree = "<group>"; };
		047DB7A320A9317300DF046A /* main.cpp */ = {isa = PBXFileReference; fileEncoding = 4; lastKnownFileType = sourcecode.cpp.cpp; path = main.cpp; sourceTree = "<group>"; };
		047DB7A420A9317300DF046A /* docspec.cpp */ = {isa = PBXFileReference; fileEncoding = 4; lastKnownFileType = sourcecode.cpp.cpp; path = docspec.cpp; sourceTree = "<group>"; };
		047DB7A520A9317300DF046A /* docspec.h */ = {isa = PBXFileReference; fileEncoding = 4; lastKnownFileType = sourcecode.c.h; path = docspec.h; sourceTree = "<group>"; };
		047DB7A620A9317300DF046A /* PololuHD44780.h */ = {isa = PBXFileReference; fileEncoding = 4; lastKnownFileType = sourcecode.c.h; path = PololuHD44780.h; sourceTree = "<group>"; };
		047DB7A720A9317300DF046A /* screenio.cpp */ = {isa = PBXFileReference; fileEncoding = 4; lastKnownFileType = sourcecode.cpp.cpp; path = screenio.cpp; sourceTree = "<group>"; };
		047DB7AD20A9318200DF046A /* libncurses.tbd */ = {isa = PBXFileReference; lastKnownFileType = "sourcecode.text-based-dylib-definition"; name = libncurses.tbd; path = usr/lib/libncurses.tbd; sourceTree = SDKROOT; };
		047DB7AF20A9319400DF046A /* libjsoncpp.1.8.4.dylib */ = {isa = PBXFileReference; lastKnownFileType = "compiled.mach-o.dylib"; name = libjsoncpp.1.8.4.dylib; path = ../../../../../usr/local/Cellar/jsoncpp/1.8.4/lib/libjsoncpp.1.8.4.dylib; sourceTree = "<group>"; };
/* End PBXFileReference section */

/* Begin PBXFrameworksBuildPhase section */
		041CCBED20A3EA5B00DC9F10 /* Frameworks */ = {
			isa = PBXFrameworksBuildPhase;
			buildActionMask = 2147483647;
			files = (
				047DB7B020A9319400DF046A /* libjsoncpp.1.8.4.dylib in Frameworks */,
				047DB7AE20A9318200DF046A /* libncurses.tbd in Frameworks */,
			);
			runOnlyForDeploymentPostprocessing = 0;
		};
/* End PBXFrameworksBuildPhase section */

/* Begin PBXGroup section */
		041CCBE720A3EA5B00DC9F10 = {
			isa = PBXGroup;
			children = (
				043C853720A932BB00B3977B /* README.md */,
				041CCBF220A3EA5C00DC9F10 /* cplusplus */,
				041CCBF120A3EA5C00DC9F10 /* Products */,
				047DB7AC20A9318200DF046A /* Frameworks */,
			);
			sourceTree = "<group>";
		};
		041CCBF120A3EA5C00DC9F10 /* Products */ = {
			isa = PBXGroup;
			children = (
				041CCBF020A3EA5C00DC9F10 /* cplusplus */,
			);
			name = Products;
			sourceTree = "<group>";
		};
		041CCBF220A3EA5C00DC9F10 /* cplusplus */ = {
			isa = PBXGroup;
			children = (
				043C853820A932F400B3977B /* docs.zip */,
				047DB7A420A9317300DF046A /* docspec.cpp */,
				047DB7A520A9317300DF046A /* docspec.h */,
				047DB7A120A9317300DF046A /* headers.json */,
				047DB7A320A9317300DF046A /* main.cpp */,
				047DB7A220A9317300DF046A /* PololuHD44780.cpp */,
				047DB7A620A9317300DF046A /* PololuHD44780.h */,
				047DB7A720A9317300DF046A /* screenio.cpp */,
				047DB7A020A9317300DF046A /* screenio.hpp */,
			);
			path = cplusplus;
			sourceTree = "<group>";
		};
		047DB7AC20A9318200DF046A /* Frameworks */ = {
			isa = PBXGroup;
			children = (
				047DB7AF20A9319400DF046A /* libjsoncpp.1.8.4.dylib */,
				047DB7AD20A9318200DF046A /* libncurses.tbd */,
			);
			name = Frameworks;
			sourceTree = "<group>";
		};
/* End PBXGroup section */

/* Begin PBXNativeTarget section */
		041CCBEF20A3EA5B00DC9F10 /* cplusplus */ = {
			isa = PBXNativeTarget;
			buildConfigurationList = 041CCBF720A3EA5C00DC9F10 /* Build configuration list for PBXNativeTarget "cplusplus" */;
			buildPhases = (
				041CCBEC20A3EA5B00DC9F10 /* Sources */,
				041CCBED20A3EA5B00DC9F10 /* Frameworks */,
				041CCBEE20A3EA5B00DC9F10 /* CopyFiles */,
			);
			buildRules = (
			);
			dependencies = (
			);
			name = cplusplus;
			productName = cplusplus;
			productReference = 041CCBF020A3EA5C00DC9F10 /* cplusplus */;
			productType = "com.apple.product-type.tool";
		};
/* End PBXNativeTarget section */

/* Begin PBXProject section */
		041CCBE820A3EA5B00DC9F10 /* Project object */ = {
			isa = PBXProject;
			attributes = {
				LastUpgradeCheck = 0930;
				ORGANIZATIONNAME = JackMacWindows;
				TargetAttributes = {
					041CCBEF20A3EA5B00DC9F10 = {
						CreatedOnToolsVersion = 9.3;
					};
				};
			};
			buildConfigurationList = 041CCBEB20A3EA5B00DC9F10 /* Build configuration list for PBXProject "cplusplus" */;
			compatibilityVersion = "Xcode 9.3";
			developmentRegion = en;
			hasScannedForEncodings = 0;
			knownRegions = (
				en,
			);
			mainGroup = 041CCBE720A3EA5B00DC9F10;
			productRefGroup = 041CCBF120A3EA5C00DC9F10 /* Products */;
			projectDirPath = "";
			projectRoot = "";
			targets = (
				041CCBEF20A3EA5B00DC9F10 /* cplusplus */,
			);
		};
/* End PBXProject section */

/* Begin PBXSourcesBuildPhase section */
		041CCBEC20A3EA5B00DC9F10 /* Sources */ = {
			isa = PBXSourcesBuildPhase;
			buildActionMask = 2147483647;
			files = (
				047DB7A820A9317300DF046A /* PololuHD44780.cpp in Sources */,
				047DB7AA20A9317300DF046A /* docspec.cpp in Sources */,
				047DB7AB20A9317300DF046A /* screenio.cpp in Sources */,
				047DB7A920A9317300DF046A /* main.cpp in Sources */,
			);
			runOnlyForDeploymentPostprocessing = 0;
		};
/* End PBXSourcesBuildPhase section */

/* Begin XCBuildConfiguration section */
		041CCBF520A3EA5C00DC9F10 /* Debug */ = {
			isa = XCBuildConfiguration;
			buildSettings = {
				ALWAYS_SEARCH_USER_PATHS = NO;
				CLANG_ANALYZER_NONNULL = YES;
				CLANG_ANALYZER_NUMBER_OBJECT_CONVERSION = YES_AGGRESSIVE;
				CLANG_CXX_LANGUAGE_STANDARD = "gnu++14";
				CLANG_CXX_LIBRARY = "libc++";
				CLANG_ENABLE_MODULES = YES;
				CLANG_ENABLE_OBJC_ARC = YES;
				CLANG_ENABLE_OBJC_WEAK = YES;
				CLANG_WARN_BLOCK_CAPTURE_AUTORELEASING = YES;
				CLANG_WARN_BOOL_CONVERSION = YES;
				CLANG_WARN_COMMA = YES;
				CLANG_WARN_CONSTANT_CONVERSION = YES;
				CLANG_WARN_DEPRECATED_OBJC_IMPLEMENTATIONS = YES;
				CLANG_WARN_DIRECT_OBJC_ISA_USAGE = YES_ERROR;
				CLANG_WARN_DOCUMENTATION_COMMENTS = YES;
				CLANG_WARN_EMPTY_BODY = YES;
				CLANG_WARN_ENUM_CONVERSION = YES;
				CLANG_WARN_INFINITE_RECURSION = YES;
				CLANG_WARN_INT_CONVERSION = YES;
				CLANG_WARN_NON_LITERAL_NULL_CONVERSION = YES;
				CLANG_WARN_OBJC_IMPLICIT_RETAIN_SELF = YES;
				CLANG_WARN_OBJC_LITERAL_CONVERSION = YES;
				CLANG_WARN_OBJC_ROOT_CLASS = YES_ERROR;
				CLANG_WARN_RANGE_LOOP_ANALYSIS = YES;
				CLANG_WARN_STRICT_PROTOTYPES = YES;
				CLANG_WARN_SUSPICIOUS_MOVE = YES;
				CLANG_WARN_UNGUARDED_AVAILABILITY = YES_AGGRESSIVE;
				CLANG_WARN_UNREACHABLE_CODE = YES;
				CLANG_WARN__DUPLICATE_METHOD_MATCH = YES;
				CODE_SIGN_IDENTITY = "Mac Developer";
				COPY_PHASE_STRIP = NO;
				DEBUG_INFORMATION_FORMAT = dwarf;
				ENABLE_STRICT_OBJC_MSGSEND = YES;
				ENABLE_TESTABILITY = YES;
				GCC_C_LANGUAGE_STANDARD = gnu11;
				GCC_DYNAMIC_NO_PIC = NO;
				GCC_NO_COMMON_BLOCKS = YES;
				GCC_OPTIMIZATION_LEVEL = 0;
				GCC_PREPROCESSOR_DEFINITIONS = (
					"DEBUG=1",
					"$(inherited)",
				);
				GCC_WARN_64_TO_32_BIT_CONVERSION = YES;
				GCC_WARN_ABOUT_RETURN_TYPE = YES_ERROR;
				GCC_WARN_UNDECLARED_SELECTOR = YES;
				GCC_WARN_UNINITIALIZED_AUTOS = YES_AGGRESSIVE;
				GCC_WARN_UNUSED_FUNCTION = YES;
				GCC_WARN_UNUSED_VARIABLE = YES;
				MACOSX_DEPLOYMENT_TARGET = 10.13;
				MTL_ENABLE_DEBUG_INFO = YES;
				ONLY_ACTIVE_ARCH = YES;
				SDKROOT = macosx;
			};
			name = Debug;
		};
		041CCBF620A3EA5C00DC9F10 /* Release */ = {
			isa = XCBuildConfiguration;
			buildSettings = {
				ALWAYS_SEARCH_USER_PATHS = NO;
				CLANG_ANALYZER_NONNULL = YES;
				CLANG_ANALYZER_NUMBER_OBJECT_CONVERSION = YES_AGGRESSIVE;
				CLANG_CXX_LANGUAGE_STANDARD = "gnu++14";
				CLANG_CXX_LIBRARY = "libc++";
				CLANG_ENABLE_MODULES = YES;
				CLANG_ENABLE_OBJC_ARC = YES;
				CLANG_ENABLE_OBJC_WEAK = YES;
				CLANG_WARN_BLOCK_CAPTURE_AUTORELEASING = YES;
				CLANG_WARN_BOOL_CONVERSION = YES;
				CLANG_WARN_COMMA = YES;
				CLANG_WARN_CONSTANT_CONVERSION = YES;
				CLANG_WARN_DEPRECATED_OBJC_IMPLEMENTATIONS = YES;
				CLANG_WARN_DIRECT_OBJC_ISA_USAGE = YES_ERROR;
				CLANG_WARN_DOCUMENTATION_COMMENTS = YES;
				CLANG_WARN_EMPTY_BODY = YES;
				CLANG_WARN_ENUM_CONVERSION = YES;
				CLANG_WARN_INFINITE_RECURSION = YES;
				CLANG_WARN_INT_CONVERSION = YES;
				CLANG_WARN_NON_LITERAL_NULL_CONVERSION = YES;
				CLANG_WARN_OBJC_IMPLICIT_RETAIN_SELF = YES;
				CLANG_WARN_OBJC_LITERAL_CONVERSION = YES;
				CLANG_WARN_OBJC_ROOT_CLASS = YES_ERROR;
				CLANG_WARN_RANGE_LOOP_ANALYSIS = YES;
				CLANG_WARN_STRICT_PROTOTYPES = YES;
				CLANG_WARN_SUSPICIOUS_MOVE = YES;
				CLANG_WARN_UNGUARDED_AVAILABILITY = YES_AGGRESSIVE;
				CLANG_WARN_UNREACHABLE_CODE = YES;
				CLANG_WARN__DUPLICATE_METHOD_MATCH = YES;
				CODE_SIGN_IDENTITY = "Mac Developer";
				COPY_PHASE_STRIP = NO;
				DEBUG_INFORMATION_FORMAT = "dwarf-with-dsym";
				ENABLE_NS_ASSERTIONS = NO;
				ENABLE_STRICT_OBJC_MSGSEND = YES;
				GCC_C_LANGUAGE_STANDARD = gnu11;
				GCC_NO_COMMON_BLOCKS = YES;
				GCC_WARN_64_TO_32_BIT_CONVERSION = YES;
				GCC_WARN_ABOUT_RETURN_TYPE = YES_ERROR;
				GCC_WARN_UNDECLARED_SELECTOR = YES;
				GCC_WARN_UNINITIALIZED_AUTOS = YES_AGGRESSIVE;
				GCC_WARN_UNUSED_FUNCTION = YES;
				GCC_WARN_UNUSED_VARIABLE = YES;
				MACOSX_DEPLOYMENT_TARGET = 10.13;
				MTL_ENABLE_DEBUG_INFO = NO;
				SDKROOT = macosx;
			};
			name = Release;
		};
		041CCBF820A3EA5C00DC9F10 /* Debug */ = {
			isa = XCBuildConfiguration;
			buildSettings = {
				CLANG_WARN_DOCUMENTATION_COMMENTS = NO;
				CODE_SIGN_IDENTITY = "";
				CODE_SIGN_STYLE = Manual;
				DEVELOPMENT_TEAM = "";
				HEADER_SEARCH_PATHS = /usr/local/include;
				LIBRARY_SEARCH_PATHS = (
					"$(inherited)",
					/usr/local/Cellar/jsoncpp/1.8.4/lib,
				);
				PRODUCT_NAME = "$(TARGET_NAME)";
				PROVISIONING_PROFILE_SPECIFIER = "";
			};
			name = Debug;
		};
		041CCBF920A3EA5C00DC9F10 /* Release */ = {
			isa = XCBuildConfiguration;
			buildSettings = {
				CLANG_WARN_DOCUMENTATION_COMMENTS = NO;
				CODE_SIGN_IDENTITY = "";
				CODE_SIGN_STYLE = Manual;
				DEVELOPMENT_TEAM = "";
				HEADER_SEARCH_PATHS = /usr/local/include;
				LIBRARY_SEARCH_PATHS = (
					"$(inherited)",
					/usr/local/Cellar/jsoncpp/1.8.4/lib,
				);
				PRODUCT_NAME = "$(TARGET_NAME)";
				PROVISIONING_PROFILE_SPECIFIER = "";
			};
			name = Release;
		};
/* End XCBuildConfiguration section */

/* Begin XCConfigurationList section */
		041CCBEB20A3EA5B00DC9F10 /* Build configuration list for PBXProject "cplusplus" */ = {
			isa = XCConfigurationList;
			buildConfigurations = (
				041CCBF520A3EA5C00DC9F10 /* Debug */,
				041CCBF620A3EA5C00DC9F10 /* Release */,
			);
			defaultConfigurationIsVisible = 0;
			defaultConfigurationName = Release;
		};
		041CCBF720A3EA5C00DC9F10 /* Build configuration list for PBXNativeTarget "cplusplus" */ = {
			isa = XCConfigurationList;
			buildConfigurations = (
				041CCBF820A3EA5C00DC9F10 /* Debug */,
				041CCBF920A3EA5C00DC9F10 /* Release */,
			);
			defaultConfigurationIsVisible = 0;
			defaultConfigurationName = Release;
		};
/* End XCConfigurationList section */
	};
	rootObject = 041CCBE820A3EA5B00DC9F10 /* Project object */;
}
